Microsoft Visual Studio Solution File, Format Version 12.00
# Visual Studio Version 17
VisualStudioVersion = 17.7.34031.279
MinimumVisualStudioVersion = 10.0.40219.1
Project("{FAE04EC0-301F-11D3-BF4B-00C04F79EFBC}") = "Biome.Desktop.App", "src\Biome.Desktop.App\Biome.Desktop.App.csproj", "{BDAFDE3E-6F5A-4BB4-A3ED-04C04B8F0B4E}"
EndProject
Project("{FAE04EC0-301F-11D3-BF4B-00C04F79EFBC}") = "Biome.Desktop.Core", "src\Biome.Desktop.Core\Biome.Desktop.Core.csproj", "{08F7F0B0-0E2A-4C01-872B-4E8D9A9735DF}"
EndProject
Global
	GlobalSection(SolutionConfigurationPlatforms) = preSolution
		Debug|Any CPU = Debug|Any CPU
		Release|Any CPU = Release|Any CPU
	EndGlobalSection
	GlobalSection(ProjectConfigurationPlatforms) = postSolution
		{BDAFDE3E-6F5A-4BB4-A3ED-04C04B8F0B4E}.Debug|Any CPU.ActiveCfg = Debug|Any CPU
		{BDAFDE3E-6F5A-4BB4-A3ED-04C04B8F0B4E}.Debug|Any CPU.Build.0 = Debug|Any CPU
		{BDAFDE3E-6F5A-4BB4-A3ED-04C04B8F0B4E}.Release|Any CPU.ActiveCfg = Release|Any CPU
		{BDAFDE3E-6F5A-4BB4-A3ED-04C04B8F0B4E}.Release|Any CPU.Build.0 = Release|Any CPU
		{08F7F0B0-0E2A-4C01-872B-4E8D9A9735DF}.Debug|Any CPU.ActiveCfg = Debug|Any CPU
		{08F7F0B0-0E2A-4C01-872B-4E8D9A9735DF}.Debug|Any CPU.Build.0 = Debug|Any CPU
		{08F7F0B0-0E2A-4C01-872B-4E8D9A9735DF}.Release|Any CPU.ActiveCfg = Release|Any CPU
		{08F7F0B0-0E2A-4C01-872B-4E8D9A9735DF}.Release|Any CPU.Build.0 = Release|Any CPU
	EndGlobalSection
	GlobalSection(SolutionProperties) = preSolution
		HideSolutionNode = FALSE
	EndGlobalSection
EndGlobal
